
Microsoft Visual Studio Solution File, Format Version 12.00
# Visual Studio Version 17
VisualStudioVersion = 17.5.002.0
MinimumVisualStudioVersion = 10.0.40219.1
Project("{2150E333-8FDC-42A3-9474-1A3956D46DE8}") = "sandbox", "sandbox", "{D09AA4E0-CF18-4BC5-9E55-D47C6963C58D}"
EndProject
Project("{9A19103F-16F7-4668-BE54-9A1E7A4F7556}") = "sandbox_project", "sandbox\sandbox_project\sandbox_project.csproj", "{3FF98F07-AA44-40EE-9A28-A7A06B3526D4}"
EndProject
Project("{2150E333-8FDC-42A3-9474-1A3956D46DE8}") = "week01", "week01", "{8ECFD598-C278-436C-ADA3-75A513E98A27}"
EndProject
Project("{9A19103F-16F7-4668-BE54-9A1E7A4F7556}") = "analyze", "week01\analyze\analyze.csproj", "{7E1C86BD-8049-429B-9933-D6B0142D47DA}"
EndProject
Project("{9A19103F-16F7-4668-BE54-9A1E7A4F7556}") = "code", "week01\code\code.csproj", "{3647E5E9-C154-496C-9651-F58EFB47522C}"
EndProject
Project("{9A19103F-16F7-4668-BE54-9A1E7A4F7556}") = "teach", "week01\teach\teach.csproj", "{A879BA64-49A2-48E0-8E65-7BF4FB911B89}"
EndProject
Project("{2150E333-8FDC-42A3-9474-1A3956D46DE8}") = "week02", "week02", "{1569D139-F275-4DFE-8AB7-AA79B1ABAE09}"
EndProject
Project("{9A19103F-16F7-4668-BE54-9A1E7A4F7556}") = "analyze", "week02\analyze\analyze.csproj", "{D6578AB8-FCC1-48BB-8E50-030E6107DC52}"
EndProject
Project("{9A19103F-16F7-4668-BE54-9A1E7A4F7556}") = "code", "week02\code\code.csproj", "{78D9DABF-F6C2-4B56-BAB7-D1E08128191D}"
EndProject
Project("{9A19103F-16F7-4668-BE54-9A1E7A4F7556}") = "learn", "week02\learn\learn.csproj", "{92FEE598-30DE-40AB-A294-81AC137BFD42}"
EndProject
Project("{9A19103F-16F7-4668-BE54-9A1E7A4F7556}") = "teach", "week02\teach\teach.csproj", "{074A0A25-35BC-4DE7-A297-D678DF4ADC97}"
EndProject
Project("{2150E333-8FDC-42A3-9474-1A3956D46DE8}") = "week03", "week03", "{BCAB4BD6-8C33-4C26-AF95-73D8DCE5DAE9}"
EndProject
Project("{9A19103F-16F7-4668-BE54-9A1E7A4F7556}") = "code", "week03\code\code.csproj", "{95377A5A-4894-4EC5-8B71-FA5C21C80851}"
EndProject
Project("{9A19103F-16F7-4668-BE54-9A1E7A4F7556}") = "learn", "week03\learn\learn.csproj", "{82B98140-76CE-4E6C-86BC-966F27EEC09E}"
EndProject
Project("{9A19103F-16F7-4668-BE54-9A1E7A4F7556}") = "teach", "week03\teach\teach.csproj", "{13622ACC-071A-4CED-ADD5-B053A66ED228}"
EndProject
Project("{2150E333-8FDC-42A3-9474-1A3956D46DE8}") = "week04", "week04", "{8315CB38-7472-4D17-A5F4-88439381130E}"
EndProject
Project("{9A19103F-16F7-4668-BE54-9A1E7A4F7556}") = "code", "week04\code\code.csproj", "{0893D826-CD1E-4D80-9743-A670840BF02E}"
EndProject
Project("{2150E333-8FDC-42A3-9474-1A3956D46DE8}") = "week05", "week05", "{B7552CD8-FF0B-4367-A3E3-E7C4AB004EB0}"
EndProject
Project("{9A19103F-16F7-4668-BE54-9A1E7A4F7556}") = "code", "week05\code\code.csproj", "{A502BFC7-81D8-4A82-8E26-4A2D98244FA1}"
EndProject
Project("{2150E333-8FDC-42A3-9474-1A3956D46DE8}") = "week06", "week06", "{5128485F-992D-4E22-875F-CB4D411BCBD8}"
EndProject
Project("{9A19103F-16F7-4668-BE54-9A1E7A4F7556}") = "code", "week06\code\code.csproj", "{E8434AC2-8173-42BB-9C78-B3E9F64B39C3}"
EndProject
Global
	GlobalSection(SolutionConfigurationPlatforms) = preSolution
		Debug|Any CPU = Debug|Any CPU
		Release|Any CPU = Release|Any CPU
	EndGlobalSection
	GlobalSection(ProjectConfigurationPlatforms) = postSolution
		{3FF98F07-AA44-40EE-9A28-A7A06B3526D4}.Debug|Any CPU.ActiveCfg = Debug|Any CPU
		{3FF98F07-AA44-40EE-9A28-A7A06B3526D4}.Debug|Any CPU.Build.0 = Debug|Any CPU
		{3FF98F07-AA44-40EE-9A28-A7A06B3526D4}.Release|Any CPU.ActiveCfg = Release|Any CPU
		{3FF98F07-AA44-40EE-9A28-A7A06B3526D4}.Release|Any CPU.Build.0 = Release|Any CPU
		{7E1C86BD-8049-429B-9933-D6B0142D47DA}.Debug|Any CPU.ActiveCfg = Debug|Any CPU
		{7E1C86BD-8049-429B-9933-D6B0142D47DA}.Debug|Any CPU.Build.0 = Debug|Any CPU
		{7E1C86BD-8049-429B-9933-D6B0142D47DA}.Release|Any CPU.ActiveCfg = Release|Any CPU
		{7E1C86BD-8049-429B-9933-D6B0142D47DA}.Release|Any CPU.Build.0 = Release|Any CPU
		{3647E5E9-C154-496C-9651-F58EFB47522C}.Debug|Any CPU.ActiveCfg = Debug|Any CPU
		{3647E5E9-C154-496C-9651-F58EFB47522C}.Debug|Any CPU.Build.0 = Debug|Any CPU
		{3647E5E9-C154-496C-9651-F58EFB47522C}.Release|Any CPU.ActiveCfg = Release|Any CPU
		{3647E5E9-C154-496C-9651-F58EFB47522C}.Release|Any CPU.Build.0 = Release|Any CPU
		{A879BA64-49A2-48E0-8E65-7BF4FB911B89}.Debug|Any CPU.ActiveCfg = Debug|Any CPU
		{A879BA64-49A2-48E0-8E65-7BF4FB911B89}.Debug|Any CPU.Build.0 = Debug|Any CPU
		{A879BA64-49A2-48E0-8E65-7BF4FB911B89}.Release|Any CPU.ActiveCfg = Release|Any CPU
		{A879BA64-49A2-48E0-8E65-7BF4FB911B89}.Release|Any CPU.Build.0 = Release|Any CPU
		{D6578AB8-FCC1-48BB-8E50-030E6107DC52}.Debug|Any CPU.ActiveCfg = Debug|Any CPU
		{D6578AB8-FCC1-48BB-8E50-030E6107DC52}.Debug|Any CPU.Build.0 = Debug|Any CPU
		{D6578AB8-FCC1-48BB-8E50-030E6107DC52}.Release|Any CPU.ActiveCfg = Release|Any CPU
		{D6578AB8-FCC1-48BB-8E50-030E6107DC52}.Release|Any CPU.Build.0 = Release|Any CPU
		{78D9DABF-F6C2-4B56-BAB7-D1E08128191D}.Debug|Any CPU.ActiveCfg = Debug|Any CPU
		{78D9DABF-F6C2-4B56-BAB7-D1E08128191D}.Debug|Any CPU.Build.0 = Debug|Any CPU
		{78D9DABF-F6C2-4B56-BAB7-D1E08128191D}.Release|Any CPU.ActiveCfg = Release|Any CPU
		{78D9DABF-F6C2-4B56-BAB7-D1E08128191D}.Release|Any CPU.Build.0 = Release|Any CPU
		{92FEE598-30DE-40AB-A294-81AC137BFD42}.Debug|Any CPU.ActiveCfg = Debug|Any CPU
		{92FEE598-30DE-40AB-A294-81AC137BFD42}.Debug|Any CPU.Build.0 = Debug|Any CPU
		{92FEE598-30DE-40AB-A294-81AC137BFD42}.Release|Any CPU.ActiveCfg = Release|Any CPU
		{92FEE598-30DE-40AB-A294-81AC137BFD42}.Release|Any CPU.Build.0 = Release|Any CPU
		{074A0A25-35BC-4DE7-A297-D678DF4ADC97}.Debug|Any CPU.ActiveCfg = Debug|Any CPU
		{074A0A25-35BC-4DE7-A297-D678DF4ADC97}.Debug|Any CPU.Build.0 = Debug|Any CPU
		{074A0A25-35BC-4DE7-A297-D678DF4ADC97}.Release|Any CPU.ActiveCfg = Release|Any CPU
		{074A0A25-35BC-4DE7-A297-D678DF4ADC97}.Release|Any CPU.Build.0 = Release|Any CPU
		{95377A5A-4894-4EC5-8B71-FA5C21C80851}.Debug|Any CPU.ActiveCfg = Debug|Any CPU
		{95377A5A-4894-4EC5-8B71-FA5C21C80851}.Debug|Any CPU.Build.0 = Debug|Any CPU
		{95377A5A-4894-4EC5-8B71-FA5C21C80851}.Release|Any CPU.ActiveCfg = Release|Any CPU
		{95377A5A-4894-4EC5-8B71-FA5C21C80851}.Release|Any CPU.Build.0 = Release|Any CPU
		{82B98140-76CE-4E6C-86BC-966F27EEC09E}.Debug|Any CPU.ActiveCfg = Debug|Any CPU
		{82B98140-76CE-4E6C-86BC-966F27EEC09E}.Debug|Any CPU.Build.0 = Debug|Any CPU
		{82B98140-76CE-4E6C-86BC-966F27EEC09E}.Release|Any CPU.ActiveCfg = Release|Any CPU
		{82B98140-76CE-4E6C-86BC-966F27EEC09E}.Release|Any CPU.Build.0 = Release|Any CPU
		{13622ACC-071A-4CED-ADD5-B053A66ED228}.Debug|Any CPU.ActiveCfg = Debug|Any CPU
		{13622ACC-071A-4CED-ADD5-B053A66ED228}.Debug|Any CPU.Build.0 = Debug|Any CPU
		{13622ACC-071A-4CED-ADD5-B053A66ED228}.Release|Any CPU.ActiveCfg = Release|Any CPU
		{13622ACC-071A-4CED-ADD5-B053A66ED228}.Release|Any CPU.Build.0 = Release|Any CPU
		{0893D826-CD1E-4D80-9743-A670840BF02E}.Debug|Any CPU.ActiveCfg = Debug|Any CPU
		{0893D826-CD1E-4D80-9743-A670840BF02E}.Debug|Any CPU.Build.0 = Debug|Any CPU
		{0893D826-CD1E-4D80-9743-A670840BF02E}.Release|Any CPU.ActiveCfg = Release|Any CPU
		{0893D826-CD1E-4D80-9743-A670840BF02E}.Release|Any CPU.Build.0 = Release|Any CPU
		{A502BFC7-81D8-4A82-8E26-4A2D98244FA1}.Debug|Any CPU.ActiveCfg = Debug|Any CPU
		{A502BFC7-81D8-4A82-8E26-4A2D98244FA1}.Debug|Any CPU.Build.0 = Debug|Any CPU
		{A502BFC7-81D8-4A82-8E26-4A2D98244FA1}.Release|Any CPU.ActiveCfg = Release|Any CPU
		{A502BFC7-81D8-4A82-8E26-4A2D98244FA1}.Release|Any CPU.Build.0 = Release|Any CPU
		{E8434AC2-8173-42BB-9C78-B3E9F64B39C3}.Debug|Any CPU.ActiveCfg = Debug|Any CPU
		{E8434AC2-8173-42BB-9C78-B3E9F64B39C3}.Debug|Any CPU.Build.0 = Debug|Any CPU
		{E8434AC2-8173-42BB-9C78-B3E9F64B39C3}.Release|Any CPU.ActiveCfg = Release|Any CPU
		{E8434AC2-8173-42BB-9C78-B3E9F64B39C3}.Release|Any CPU.Build.0 = Release|Any CPU
	EndGlobalSection
	GlobalSection(SolutionProperties) = preSolution
		HideSolutionNode = FALSE
	EndGlobalSection
	GlobalSection(NestedProjects) = preSolution
		{3FF98F07-AA44-40EE-9A28-A7A06B3526D4} = {D09AA4E0-CF18-4BC5-9E55-D47C6963C58D}
		{7E1C86BD-8049-429B-9933-D6B0142D47DA} = {8ECFD598-C278-436C-ADA3-75A513E98A27}
		{3647E5E9-C154-496C-9651-F58EFB47522C} = {8ECFD598-C278-436C-ADA3-75A513E98A27}
		{A879BA64-49A2-48E0-8E65-7BF4FB911B89} = {8ECFD598-C278-436C-ADA3-75A513E98A27}
		{D6578AB8-FCC1-48BB-8E50-030E6107DC52} = {1569D139-F275-4DFE-8AB7-AA79B1ABAE09}
		{78D9DABF-F6C2-4B56-BAB7-D1E08128191D} = {1569D139-F275-4DFE-8AB7-AA79B1ABAE09}
		{92FEE598-30DE-40AB-A294-81AC137BFD42} = {1569D139-F275-4DFE-8AB7-AA79B1ABAE09}
		{074A0A25-35BC-4DE7-A297-D678DF4ADC97} = {1569D139-F275-4DFE-8AB7-AA79B1ABAE09}
		{95377A5A-4894-4EC5-8B71-FA5C21C80851} = {BCAB4BD6-8C33-4C26-AF95-73D8DCE5DAE9}
		{82B98140-76CE-4E6C-86BC-966F27EEC09E} = {BCAB4BD6-8C33-4C26-AF95-73D8DCE5DAE9}
		{13622ACC-071A-4CED-ADD5-B053A66ED228} = {BCAB4BD6-8C33-4C26-AF95-73D8DCE5DAE9}
		{0893D826-CD1E-4D80-9743-A670840BF02E} = {8315CB38-7472-4D17-A5F4-88439381130E}
		{A502BFC7-81D8-4A82-8E26-4A2D98244FA1} = {B7552CD8-FF0B-4367-A3E3-E7C4AB004EB0}
		{E8434AC2-8173-42BB-9C78-B3E9F64B39C3} = {5128485F-992D-4E22-875F-CB4D411BCBD8}
	EndGlobalSection
	GlobalSection(ExtensibilityGlobals) = postSolution
		SolutionGuid = {A5E46D1F-7645-49D1-83E4-41C592D56237}
	EndGlobalSection
EndGlobal
